{
  "name": "quicknotes-app",
  "lockfileVersion": 3,
  "requires": true,
  "packages": {
    "": {
      "dependencies": {
        "@tauri-apps/plugin-store": "^2.4.3"
      }
    },
    "node_modules/@tauri-apps/api": {
      "version": "2.11.1",
      "resolved": "https://registry.npmjs.org/@tauri-apps/api/-/api-2.11.1.tgz",
      "integrity": "sha512-M2FPuYND2m+wh5hfW9ZpSdxMPdEJovPBWwoHJmwUpysTYNHaOkVFN419m/K0LIgjb/7KU2vBgsUepJWugQCvAA==",
      "license": "Apache-2.0 OR MIT",
      "funding": {
        "type": "opencollective",
        "url": "https://opencollective.com/tauri"
      }
    },
    "node_modules/@tauri-apps/plugin-store": {
      "version": "2.4.3",
      "resolved": "https://registry.npmjs.org/@tauri-apps/plugin-store/-/plugin-store-2.4.3.tgz",
      "integrity": "sha512-9LWPj9yMphRi9czEtUv87XHbl1b6xgd9EXpPrUnq6nG7+nbtoF84d4Kwz9xhAv/Hf30sr58pq7EOlyI936y8qw==",
      "license": "MIT OR Apache-2.0",
      "dependencies": {
        "@tauri-apps/api": "^2.11.0"
      }
    }
  }
}
